
Microsoft Visual Studio Solution File, Format Version 12.00
# Visual Studio Version 17
VisualStudioVersion = 17.5.001.0
MinimumVisualStudioVersion = 10.0.40219.1
Project("{2150E333-8FDC-42A3-9474-1A3956D46DE8}") = "lesson_1", "lesson_1", "{6A24EBAA-33EC-4320-9178-042A82F1FDFD}"
EndProject
Project("{9A19103F-16F7-4668-BE54-9A1E7A4F7556}") = "1_0", "lesson_1\1_0\1_0.csproj", "{9E5A553B-8F29-4608-AE0D-563CEB2BC218}"
EndProject
Project("{9A19103F-16F7-4668-BE54-9A1E7A4F7556}") = "1_1", "lesson_1\1_1\1_1.csproj", "{68641A8C-C08C-4146-893F-611D6F2D0595}"
EndProject
Project("{2150E333-8FDC-42A3-9474-1A3956D46DE8}") = "lesson_2", "lesson_2", "{A8BED400-B980-4304-A7A4-2A4757186195}"
EndProject
Project("{9A19103F-16F7-4668-BE54-9A1E7A4F7556}") = "2_0", "lesson_2\2_0\2_0.csproj", "{0092597C-FC63-4E2F-8D5B-4526DE12369D}"
EndProject
Project("{9A19103F-16F7-4668-BE54-9A1E7A4F7556}") = "2_1", "lesson_2\2_1\2_1.csproj", "{820B6DEF-2634-4603-BF7A-91853067E078}"
EndProject
Project("{9A19103F-16F7-4668-BE54-9A1E7A4F7556}") = "2_2", "lesson_2\2_2\2_2.csproj", "{E9E6954A-9981-41D0-8653-FF69DC4552B5}"
EndProject
Project("{9A19103F-16F7-4668-BE54-9A1E7A4F7556}") = "2_3", "lesson_2\2_3\2_3.csproj", "{520B88C2-A4D2-4353-9079-DC89F2B74913}"
EndProject
Project("{2150E333-8FDC-42A3-9474-1A3956D46DE8}") = "homework", "homework", "{4BAF8A87-2B0E-4E7B-8194-9987F8511152}"
EndProject
Project("{9A19103F-16F7-4668-BE54-9A1E7A4F7556}") = "task_1_0", "lesson_1\homework\task_1_0\task_1_0.csproj", "{AB128909-E898-41C4-93F5-49FCED3B0928}"
EndProject
Project("{9A19103F-16F7-4668-BE54-9A1E7A4F7556}") = "task_1_1", "lesson_1\homework\task_1_1\task_1_1.csproj", "{23DE5ADF-1AC0-49D7-9AE6-EBC68AF484B8}"
EndProject
Project("{9A19103F-16F7-4668-BE54-9A1E7A4F7556}") = "task_1_2", "lesson_1\homework\task_1_2\task_1_2.csproj", "{82D87A3C-191E-4275-B833-F544CFA1B368}"
EndProject
Project("{9A19103F-16F7-4668-BE54-9A1E7A4F7556}") = "task_1_3", "lesson_1\homework\task_1_3\task_1_3.csproj", "{F9F4C71F-97D0-437A-806D-BFE59CFF34E4}"
EndProject
Global
	GlobalSection(SolutionConfigurationPlatforms) = preSolution
		Debug|Any CPU = Debug|Any CPU
		Release|Any CPU = Release|Any CPU
	EndGlobalSection
	GlobalSection(ProjectConfigurationPlatforms) = postSolution
		{9E5A553B-8F29-4608-AE0D-563CEB2BC218}.Debug|Any CPU.ActiveCfg = Debug|Any CPU
		{9E5A553B-8F29-4608-AE0D-563CEB2BC218}.Debug|Any CPU.Build.0 = Debug|Any CPU
		{9E5A553B-8F29-4608-AE0D-563CEB2BC218}.Release|Any CPU.ActiveCfg = Release|Any CPU
		{9E5A553B-8F29-4608-AE0D-563CEB2BC218}.Release|Any CPU.Build.0 = Release|Any CPU
		{68641A8C-C08C-4146-893F-611D6F2D0595}.Debug|Any CPU.ActiveCfg = Debug|Any CPU
		{68641A8C-C08C-4146-893F-611D6F2D0595}.Debug|Any CPU.Build.0 = Debug|Any CPU
		{68641A8C-C08C-4146-893F-611D6F2D0595}.Release|Any CPU.ActiveCfg = Release|Any CPU
		{68641A8C-C08C-4146-893F-611D6F2D0595}.Release|Any CPU.Build.0 = Release|Any CPU
		{0092597C-FC63-4E2F-8D5B-4526DE12369D}.Debug|Any CPU.ActiveCfg = Debug|Any CPU
		{0092597C-FC63-4E2F-8D5B-4526DE12369D}.Debug|Any CPU.Build.0 = Debug|Any CPU
		{0092597C-FC63-4E2F-8D5B-4526DE12369D}.Release|Any CPU.ActiveCfg = Release|Any CPU
		{0092597C-FC63-4E2F-8D5B-4526DE12369D}.Release|Any CPU.Build.0 = Release|Any CPU
		{820B6DEF-2634-4603-BF7A-91853067E078}.Debug|Any CPU.ActiveCfg = Debug|Any CPU
		{820B6DEF-2634-4603-BF7A-91853067E078}.Debug|Any CPU.Build.0 = Debug|Any CPU
		{820B6DEF-2634-4603-BF7A-91853067E078}.Release|Any CPU.ActiveCfg = Release|Any CPU
		{820B6DEF-2634-4603-BF7A-91853067E078}.Release|Any CPU.Build.0 = Release|Any CPU
		{E9E6954A-9981-41D0-8653-FF69DC4552B5}.Debug|Any CPU.ActiveCfg = Debug|Any CPU
		{E9E6954A-9981-41D0-8653-FF69DC4552B5}.Debug|Any CPU.Build.0 = Debug|Any CPU
		{E9E6954A-9981-41D0-8653-FF69DC4552B5}.Release|Any CPU.ActiveCfg = Release|Any CPU
		{E9E6954A-9981-41D0-8653-FF69DC4552B5}.Release|Any CPU.Build.0 = Release|Any CPU
		{520B88C2-A4D2-4353-9079-DC89F2B74913}.Debug|Any CPU.ActiveCfg = Debug|Any CPU
		{520B88C2-A4D2-4353-9079-DC89F2B74913}.Debug|Any CPU.Build.0 = Debug|Any CPU
		{520B88C2-A4D2-4353-9079-DC89F2B74913}.Release|Any CPU.ActiveCfg = Release|Any CPU
		{520B88C2-A4D2-4353-9079-DC89F2B74913}.Release|Any CPU.Build.0 = Release|Any CPU
		{AB128909-E898-41C4-93F5-49FCED3B0928}.Debug|Any CPU.ActiveCfg = Debug|Any CPU
		{AB128909-E898-41C4-93F5-49FCED3B0928}.Debug|Any CPU.Build.0 = Debug|Any CPU
		{AB128909-E898-41C4-93F5-49FCED3B0928}.Release|Any CPU.ActiveCfg = Release|Any CPU
		{AB128909-E898-41C4-93F5-49FCED3B0928}.Release|Any CPU.Build.0 = Release|Any CPU
		{23DE5ADF-1AC0-49D7-9AE6-EBC68AF484B8}.Debug|Any CPU.ActiveCfg = Debug|Any CPU
		{23DE5ADF-1AC0-49D7-9AE6-EBC68AF484B8}.Debug|Any CPU.Build.0 = Debug|Any CPU
		{23DE5ADF-1AC0-49D7-9AE6-EBC68AF484B8}.Release|Any CPU.ActiveCfg = Release|Any CPU
		{23DE5ADF-1AC0-49D7-9AE6-EBC68AF484B8}.Release|Any CPU.Build.0 = Release|Any CPU
		{82D87A3C-191E-4275-B833-F544CFA1B368}.Debug|Any CPU.ActiveCfg = Debug|Any CPU
		{82D87A3C-191E-4275-B833-F544CFA1B368}.Debug|Any CPU.Build.0 = Debug|Any CPU
		{82D87A3C-191E-4275-B833-F544CFA1B368}.Release|Any CPU.ActiveCfg = Release|Any CPU
		{82D87A3C-191E-4275-B833-F544CFA1B368}.Release|Any CPU.Build.0 = Release|Any CPU
		{F9F4C71F-97D0-437A-806D-BFE59CFF34E4}.Debug|Any CPU.ActiveCfg = Debug|Any CPU
		{F9F4C71F-97D0-437A-806D-BFE59CFF34E4}.Debug|Any CPU.Build.0 = Debug|Any CPU
		{F9F4C71F-97D0-437A-806D-BFE59CFF34E4}.Release|Any CPU.ActiveCfg = Release|Any CPU
		{F9F4C71F-97D0-437A-806D-BFE59CFF34E4}.Release|Any CPU.Build.0 = Release|Any CPU
	EndGlobalSection
	GlobalSection(SolutionProperties) = preSolution
		HideSolutionNode = FALSE
	EndGlobalSection
	GlobalSection(NestedProjects) = preSolution
		{9E5A553B-8F29-4608-AE0D-563CEB2BC218} = {6A24EBAA-33EC-4320-9178-042A82F1FDFD}
		{68641A8C-C08C-4146-893F-611D6F2D0595} = {6A24EBAA-33EC-4320-9178-042A82F1FDFD}
		{0092597C-FC63-4E2F-8D5B-4526DE12369D} = {A8BED400-B980-4304-A7A4-2A4757186195}
		{820B6DEF-2634-4603-BF7A-91853067E078} = {A8BED400-B980-4304-A7A4-2A4757186195}
		{E9E6954A-9981-41D0-8653-FF69DC4552B5} = {A8BED400-B980-4304-A7A4-2A4757186195}
		{520B88C2-A4D2-4353-9079-DC89F2B74913} = {A8BED400-B980-4304-A7A4-2A4757186195}
		{4BAF8A87-2B0E-4E7B-8194-9987F8511152} = {6A24EBAA-33EC-4320-9178-042A82F1FDFD}
		{AB128909-E898-41C4-93F5-49FCED3B0928} = {4BAF8A87-2B0E-4E7B-8194-9987F8511152}
		{23DE5ADF-1AC0-49D7-9AE6-EBC68AF484B8} = {4BAF8A87-2B0E-4E7B-8194-9987F8511152}
		{82D87A3C-191E-4275-B833-F544CFA1B368} = {4BAF8A87-2B0E-4E7B-8194-9987F8511152}
		{F9F4C71F-97D0-437A-806D-BFE59CFF34E4} = {4BAF8A87-2B0E-4E7B-8194-9987F8511152}
	EndGlobalSection
	GlobalSection(ExtensibilityGlobals) = postSolution
		SolutionGuid = {3D697497-3204-4888-BD25-919BB3DE65C7}
	EndGlobalSection
EndGlobal
